
Microsoft Visual Studio Solution File, Format Version 12.00
# Visual Studio Version 16
VisualStudioVersion = 16.0.29728.190
MinimumVisualStudioVersion = 10.0.40219.1
Project("{8BC9CEB8-8B4A-11D0-8D11-00A0C91BC942}") = "Vector", "myADT\myADT.vcxproj", "{1E562EB2-2C42-4409-8310-D658A73AB9AB}"
EndProject
Project("{8BC9CEB8-8B4A-11D0-8D11-00A0C91BC942}") = "List", "List\List.vcxproj", "{76D063A2-C9FE-4951-87F1-26B6AA4AF9AE}"
EndProject
Project("{8BC9CEB8-8B4A-11D0-8D11-00A0C91BC942}") = "Stack", "Stack\Stack.vcxproj", "{C57DDE3C-AC1B-4094-ABAC-506DAB22E132}"
EndProject
Project("{8BC9CEB8-8B4A-11D0-8D11-00A0C91BC942}") = "Queue", "Queue\Queue.vcxproj", "{410F89B3-3F4B-495E-A4DA-A4828527933D}"
EndProject
Project("{8BC9CEB8-8B4A-11D0-8D11-00A0C91BC942}") = "graphMatrix", "graphMatrix\graphMatrix.vcxproj", "{5A105FDF-30B1-42DF-9F96-483E25150B4F}"
EndProject
Project("{8BC9CEB8-8B4A-11D0-8D11-00A0C91BC942}") = "BinTree", "BinTree\BinTree.vcxproj", "{589E4DC7-F984-47C7-96F8-41946A75C8FA}"
EndProject
Project("{8BC9CEB8-8B4A-11D0-8D11-00A0C91BC942}") = "BST", "BST\BST.vcxproj", "{1BFBC0D7-F595-4BBD-8BDB-829CF8938B30}"
EndProject
Project("{8BC9CEB8-8B4A-11D0-8D11-00A0C91BC942}") = "AVL", "AVL\AVL.vcxproj", "{0CCA3D4B-1D1A-40D1-AD5B-FB2DF582B9D8}"
EndProject
Project("{8BC9CEB8-8B4A-11D0-8D11-00A0C91BC942}") = "AVL_1", "AVL_1\AVL_1.vcxproj", "{2C990A5E-CFDC-407C-8B6B-CBC4EB015662}"
EndProject
Project("{8BC9CEB8-8B4A-11D0-8D11-00A0C91BC942}") = "BTree", "BTree\BTree.vcxproj", "{9268A10F-7F38-4999-9A32-4110D2AB73FA}"
EndProject
Project("{8BC9CEB8-8B4A-11D0-8D11-00A0C91BC942}") = "RedBlack", "RedBlack\RedBlack.vcxproj", "{31787CA4-7452-4AD9-BA01-E7DC41508322}"
EndProject
Project("{8BC9CEB8-8B4A-11D0-8D11-00A0C91BC942}") = "PQ_complHeap", "PQ_complHeap\PQ_complHeap.vcxproj", "{B8D2AB7A-F239-4453-8152-D52A3C75B2EC}"
EndProject
Global
	GlobalSection(SolutionConfigurationPlatforms) = preSolution
		Debug|x64 = Debug|x64
		Debug|x86 = Debug|x86
		Release|x64 = Release|x64
		Release|x86 = Release|x86
	EndGlobalSection
	GlobalSection(ProjectConfigurationPlatforms) = postSolution
		{1E562EB2-2C42-4409-8310-D658A73AB9AB}.Debug|x64.ActiveCfg = Debug|x64
		{1E562EB2-2C42-4409-8310-D658A73AB9AB}.Debug|x64.Build.0 = Debug|x64
		{1E562EB2-2C42-4409-8310-D658A73AB9AB}.Debug|x86.ActiveCfg = Debug|Win32
		{1E562EB2-2C42-4409-8310-D658A73AB9AB}.Debug|x86.Build.0 = Debug|Win32
		{1E562EB2-2C42-4409-8310-D658A73AB9AB}.Release|x64.ActiveCfg = Release|x64
		{1E562EB2-2C42-4409-8310-D658A73AB9AB}.Release|x64.Build.0 = Release|x64
		{1E562EB2-2C42-4409-8310-D658A73AB9AB}.Release|x86.ActiveCfg = Release|Win32
		{1E562EB2-2C42-4409-8310-D658A73AB9AB}.Release|x86.Build.0 = Release|Win32
		{76D063A2-C9FE-4951-87F1-26B6AA4AF9AE}.Debug|x64.ActiveCfg = Debug|x64
		{76D063A2-C9FE-4951-87F1-26B6AA4AF9AE}.Debug|x64.Build.0 = Debug|x64
		{76D063A2-C9FE-4951-87F1-26B6AA4AF9AE}.Debug|x86.ActiveCfg = Debug|Win32
		{76D063A2-C9FE-4951-87F1-26B6AA4AF9AE}.Debug|x86.Build.0 = Debug|Win32
		{76D063A2-C9FE-4951-87F1-26B6AA4AF9AE}.Release|x64.ActiveCfg = Release|x64
		{76D063A2-C9FE-4951-87F1-26B6AA4AF9AE}.Release|x64.Build.0 = Release|x64
		{76D063A2-C9FE-4951-87F1-26B6AA4AF9AE}.Release|x86.ActiveCfg = Release|Win32
		{76D063A2-C9FE-4951-87F1-26B6AA4AF9AE}.Release|x86.Build.0 = Release|Win32
		{C57DDE3C-AC1B-4094-ABAC-506DAB22E132}.Debug|x64.ActiveCfg = Debug|x64
		{C57DDE3C-AC1B-4094-ABAC-506DAB22E132}.Debug|x64.Build.0 = Debug|x64
		{C57DDE3C-AC1B-4094-ABAC-506DAB22E132}.Debug|x86.ActiveCfg = Debug|Win32
		{C57DDE3C-AC1B-4094-ABAC-506DAB22E132}.Debug|x86.Build.0 = Debug|Win32
		{C57DDE3C-AC1B-4094-ABAC-506DAB22E132}.Release|x64.ActiveCfg = Release|x64
		{C57DDE3C-AC1B-4094-ABAC-506DAB22E132}.Release|x64.Build.0 = Release|x64
		{C57DDE3C-AC1B-4094-ABAC-506DAB22E132}.Release|x86.ActiveCfg = Release|Win32
		{C57DDE3C-AC1B-4094-ABAC-506DAB22E132}.Release|x86.Build.0 = Release|Win32
		{410F89B3-3F4B-495E-A4DA-A4828527933D}.Debug|x64.ActiveCfg = Debug|x64
		{410F89B3-3F4B-495E-A4DA-A4828527933D}.Debug|x64.Build.0 = Debug|x64
		{410F89B3-3F4B-495E-A4DA-A4828527933D}.Debug|x86.ActiveCfg = Debug|Win32
		{410F89B3-3F4B-495E-A4DA-A4828527933D}.Debug|x86.Build.0 = Debug|Win32
		{410F89B3-3F4B-495E-A4DA-A4828527933D}.Release|x64.ActiveCfg = Release|x64
		{410F89B3-3F4B-495E-A4DA-A4828527933D}.Release|x64.Build.0 = Release|x64
		{410F89B3-3F4B-495E-A4DA-A4828527933D}.Release|x86.ActiveCfg = Release|Win32
		{410F89B3-3F4B-495E-A4DA-A4828527933D}.Release|x86.Build.0 = Release|Win32
		{5A105FDF-30B1-42DF-9F96-483E25150B4F}.Debug|x64.ActiveCfg = Debug|x64
		{5A105FDF-30B1-42DF-9F96-483E25150B4F}.Debug|x64.Build.0 = Debug|x64
		{5A105FDF-30B1-42DF-9F96-483E25150B4F}.Debug|x86.ActiveCfg = Debug|Win32
		{5A105FDF-30B1-42DF-9F96-483E25150B4F}.Debug|x86.Build.0 = Debug|Win32
		{5A105FDF-30B1-42DF-9F96-483E25150B4F}.Release|x64.ActiveCfg = Release|x64
		{5A105FDF-30B1-42DF-9F96-483E25150B4F}.Release|x64.Build.0 = Release|x64
		{5A105FDF-30B1-42DF-9F96-483E25150B4F}.Release|x86.ActiveCfg = Release|Win32
		{5A105FDF-30B1-42DF-9F96-483E25150B4F}.Release|x86.Build.0 = Release|Win32
		{589E4DC7-F984-47C7-96F8-41946A75C8FA}.Debug|x64.ActiveCfg = Debug|x64
		{589E4DC7-F984-47C7-96F8-41946A75C8FA}.Debug|x64.Build.0 = Debug|x64
		{589E4DC7-F984-47C7-96F8-41946A75C8FA}.Debug|x86.ActiveCfg = Debug|Win32
		{589E4DC7-F984-47C7-96F8-41946A75C8FA}.Debug|x86.Build.0 = Debug|Win32
		{589E4DC7-F984-47C7-96F8-41946A75C8FA}.Release|x64.ActiveCfg = Release|x64
		{589E4DC7-F984-47C7-96F8-41946A75C8FA}.Release|x64.Build.0 = Release|x64
		{589E4DC7-F984-47C7-96F8-41946A75C8FA}.Release|x86.ActiveCfg = Release|Win32
		{589E4DC7-F984-47C7-96F8-41946A75C8FA}.Release|x86.Build.0 = Release|Win32
		{1BFBC0D7-F595-4BBD-8BDB-829CF8938B30}.Debug|x64.ActiveCfg = Debug|x64
		{1BFBC0D7-F595-4BBD-8BDB-829CF8938B30}.Debug|x64.Build.0 = Debug|x64
		{1BFBC0D7-F595-4BBD-8BDB-829CF8938B30}.Debug|x86.ActiveCfg = Debug|Win32
		{1BFBC0D7-F595-4BBD-8BDB-829CF8938B30}.Debug|x86.Build.0 = Debug|Win32
		{1BFBC0D7-F595-4BBD-8BDB-829CF8938B30}.Release|x64.ActiveCfg = Release|x64
		{1BFBC0D7-F595-4BBD-8BDB-829CF8938B30}.Release|x64.Build.0 = Release|x64
		{1BFBC0D7-F595-4BBD-8BDB-829CF8938B30}.Release|x86.ActiveCfg = Release|Win32
		{1BFBC0D7-F595-4BBD-8BDB-829CF8938B30}.Release|x86.Build.0 = Release|Win32
		{0CCA3D4B-1D1A-40D1-AD5B-FB2DF582B9D8}.Debug|x64.ActiveCfg = Debug|x64
		{0CCA3D4B-1D1A-40D1-AD5B-FB2DF582B9D8}.Debug|x64.Build.0 = Debug|x64
		{0CCA3D4B-1D1A-40D1-AD5B-FB2DF582B9D8}.Debug|x86.ActiveCfg = Debug|Win32
		{0CCA3D4B-1D1A-40D1-AD5B-FB2DF582B9D8}.Debug|x86.Build.0 = Debug|Win32
		{0CCA3D4B-1D1A-40D1-AD5B-FB2DF582B9D8}.Release|x64.ActiveCfg = Release|x64
		{0CCA3D4B-1D1A-40D1-AD5B-FB2DF582B9D8}.Release|x64.Build.0 = Release|x64
		{0CCA3D4B-1D1A-40D1-AD5B-FB2DF582B9D8}.Release|x86.ActiveCfg = Release|Win32
		{0CCA3D4B-1D1A-40D1-AD5B-FB2DF582B9D8}.Release|x86.Build.0 = Release|Win32
		{2C990A5E-CFDC-407C-8B6B-CBC4EB015662}.Debug|x64.ActiveCfg = Debug|x64
		{2C990A5E-CFDC-407C-8B6B-CBC4EB015662}.Debug|x64.Build.0 = Debug|x64
		{2C990A5E-CFDC-407C-8B6B-CBC4EB015662}.Debug|x86.ActiveCfg = Debug|Win32
		{2C990A5E-CFDC-407C-8B6B-CBC4EB015662}.Debug|x86.Build.0 = Debug|Win32
		{2C990A5E-CFDC-407C-8B6B-CBC4EB015662}.Release|x64.ActiveCfg = Release|x64
		{2C990A5E-CFDC-407C-8B6B-CBC4EB015662}.Release|x64.Build.0 = Release|x64
		{2C990A5E-CFDC-407C-8B6B-CBC4EB015662}.Release|x86.ActiveCfg = Release|Win32
		{2C990A5E-CFDC-407C-8B6B-CBC4EB015662}.Release|x86.Build.0 = Release|Win32
		{9268A10F-7F38-4999-9A32-4110D2AB73FA}.Debug|x64.ActiveCfg = Debug|x64
		{9268A10F-7F38-4999-9A32-4110D2AB73FA}.Debug|x64.Build.0 = Debug|x64
		{9268A10F-7F38-4999-9A32-4110D2AB73FA}.Debug|x86.ActiveCfg = Debug|Win32
		{9268A10F-7F38-4999-9A32-4110D2AB73FA}.Debug|x86.Build.0 = Debug|Win32
		{9268A10F-7F38-4999-9A32-4110D2AB73FA}.Release|x64.ActiveCfg = Release|x64
		{9268A10F-7F38-4999-9A32-4110D2AB73FA}.Release|x64.Build.0 = Release|x64
		{9268A10F-7F38-4999-9A32-4110D2AB73FA}.Release|x86.ActiveCfg = Release|Win32
		{9268A10F-7F38-4999-9A32-4110D2AB73FA}.Release|x86.Build.0 = Release|Win32
		{31787CA4-7452-4AD9-BA01-E7DC41508322}.Debug|x64.ActiveCfg = Debug|x64
		{31787CA4-7452-4AD9-BA01-E7DC41508322}.Debug|x64.Build.0 = Debug|x64
		{31787CA4-7452-4AD9-BA01-E7DC41508322}.Debug|x86.ActiveCfg = Debug|Win32
		{31787CA4-7452-4AD9-BA01-E7DC41508322}.Debug|x86.Build.0 = Debug|Win32
		{31787CA4-7452-4AD9-BA01-E7DC41508322}.Release|x64.ActiveCfg = Release|x64
		{31787CA4-7452-4AD9-BA01-E7DC41508322}.Release|x64.Build.0 = Release|x64
		{31787CA4-7452-4AD9-BA01-E7DC41508322}.Release|x86.ActiveCfg = Release|Win32
		{31787CA4-7452-4AD9-BA01-E7DC41508322}.Release|x86.Build.0 = Release|Win32
		{B8D2AB7A-F239-4453-8152-D52A3C75B2EC}.Debug|x64.ActiveCfg = Debug|x64
		{B8D2AB7A-F239-4453-8152-D52A3C75B2EC}.Debug|x64.Build.0 = Debug|x64
		{B8D2AB7A-F239-4453-8152-D52A3C75B2EC}.Debug|x86.ActiveCfg = Debug|Win32
		{B8D2AB7A-F239-4453-8152-D52A3C75B2EC}.Debug|x86.Build.0 = Debug|Win32
		{B8D2AB7A-F239-4453-8152-D52A3C75B2EC}.Release|x64.ActiveCfg = Release|x64
		{B8D2AB7A-F239-4453-8152-D52A3C75B2EC}.Release|x64.Build.0 = Release|x64
		{B8D2AB7A-F239-4453-8152-D52A3C75B2EC}.Release|x86.ActiveCfg = Release|Win32
		{B8D2AB7A-F239-4453-8152-D52A3C75B2EC}.Release|x86.Build.0 = Release|Win32
	EndGlobalSection
	GlobalSection(SolutionProperties) = preSolution
		HideSolutionNode = FALSE
	EndGlobalSection
	GlobalSection(ExtensibilityGlobals) = postSolution
		SolutionGuid = {935E7EDB-D53F-468A-823A-1BA02E471CEC}
	EndGlobalSection
EndGlobal
